
Microsoft Visual Studio Solution File, Format Version 12.00
# Visual Studio 15
VisualStudioVersion = 15.0.28010.2041
MinimumVisualStudioVersion = 10.0.40219.1
Project("{8BC9CEB8-8B4A-11D0-8D11-00A0C91BC942}") = "xD", "xD\xD.vcxproj", "{E7650613-1ED5-4134-9CCC-382925BA2226}"
EndProject
Global
	GlobalSection(SolutionConfigurationPlatforms) = preSolution
		Debug|x64 = Debug|x64
		Debug|x86 = Debug|x86
		Release|x64 = Release|x64
		Release|x86 = Release|x86
	EndGlobalSection
	GlobalSection(ProjectConfigurationPlatforms) = postSolution
		{E7650613-1ED5-4134-9CCC-382925BA2226}.Debug|x64.ActiveCfg = Debug|x64
		{E7650613-1ED5-4134-9CCC-382925BA2226}.Debug|x64.Build.0 = Debug|x64
		{E7650613-1ED5-4134-9CCC-382925BA2226}.Debug|x86.ActiveCfg = Debug|Win32
		{E7650613-1ED5-4134-9CCC-382925BA2226}.Debug|x86.Build.0 = Debug|Win32
		{E7650613-1ED5-4134-9CCC-382925BA2226}.Release|x64.ActiveCfg = Release|x64
		{E7650613-1ED5-4134-9CCC-382925BA2226}.Release|x64.Build.0 = Release|x64
		{E7650613-1ED5-4134-9CCC-382925BA2226}.Release|x86.ActiveCfg = Release|Win32
		{E7650613-1ED5-4134-9CCC-382925BA2226}.Release|x86.Build.0 = Release|Win32
	EndGlobalSection
	GlobalSection(SolutionProperties) = preSolution
		HideSolutionNode = FALSE
	EndGlobalSection
	GlobalSection(ExtensibilityGlobals) = postSolution
		SolutionGuid = {DCCB68A8-2FF0-4164-BF54-6D3A6AB6E3CC}
	EndGlobalSection
EndGlobal
